
Microsoft Visual Studio Solution File, Format Version 12.00
# Visual Studio Version 17
VisualStudioVersion = 17.3.32825.248
MinimumVisualStudioVersion = 10.0.40219.1
Project("{9A19103F-16F7-4668-BE54-9A1E7A4F7556}") = "BlazorApp1.Server", "BlazorApp1\Server\BlazorApp1.Server.csproj", "{D3469177-2F23-4CA0-B47B-F57A502F6969}"
EndProject
Project("{9A19103F-16F7-4668-BE54-9A1E7A4F7556}") = "BlazorApp1.Client", "BlazorApp1\Client\BlazorApp1.Client.csproj", "{263DE581-38ED-4245-861B-C56E7AF1862E}"
EndProject
Project("{9A19103F-16F7-4668-BE54-9A1E7A4F7556}") = "BlazorApp1.Shared", "BlazorApp1\Shared\BlazorApp1.Shared.csproj", "{BDF318E5-755C-465D-A026-BB6999A5BCB5}"
EndProject
Global
	GlobalSection(SolutionConfigurationPlatforms) = preSolution
		Debug|Any CPU = Debug|Any CPU
		Release|Any CPU = Release|Any CPU
	EndGlobalSection
	GlobalSection(ProjectConfigurationPlatforms) = postSolution
		{D3469177-2F23-4CA0-B47B-F57A502F6969}.Debug|Any CPU.ActiveCfg = Debug|Any CPU
		{D3469177-2F23-4CA0-B47B-F57A502F6969}.Debug|Any CPU.Build.0 = Debug|Any CPU
		{D3469177-2F23-4CA0-B47B-F57A502F6969}.Release|Any CPU.ActiveCfg = Release|Any CPU
		{D3469177-2F23-4CA0-B47B-F57A502F6969}.Release|Any CPU.Build.0 = Release|Any CPU
		{263DE581-38ED-4245-861B-C56E7AF1862E}.Debug|Any CPU.ActiveCfg = Debug|Any CPU
		{263DE581-38ED-4245-861B-C56E7AF1862E}.Debug|Any CPU.Build.0 = Debug|Any CPU
		{263DE581-38ED-4245-861B-C56E7AF1862E}.Release|Any CPU.ActiveCfg = Release|Any CPU
		{263DE581-38ED-4245-861B-C56E7AF1862E}.Release|Any CPU.Build.0 = Release|Any CPU
		{BDF318E5-755C-465D-A026-BB6999A5BCB5}.Debug|Any CPU.ActiveCfg = Debug|Any CPU
		{BDF318E5-755C-465D-A026-BB6999A5BCB5}.Debug|Any CPU.Build.0 = Debug|Any CPU
		{BDF318E5-755C-465D-A026-BB6999A5BCB5}.Release|Any CPU.ActiveCfg = Release|Any CPU
		{BDF318E5-755C-465D-A026-BB6999A5BCB5}.Release|Any CPU.Build.0 = Release|Any CPU
	EndGlobalSection
	GlobalSection(SolutionProperties) = preSolution
		HideSolutionNode = FALSE
	EndGlobalSection
	GlobalSection(ExtensibilityGlobals) = postSolution
		SolutionGuid = {8177EA75-E944-4071-8750-BA8BD59F6241}
	EndGlobalSection
EndGlobal
